// !$*UTF8*$!
{
	archiveVersion = 1;
	classes = {
	};
	objectVersion = 48;
	objects = {

/* Begin PBXBuildFile section */
		2C1530A41FB6D77C00E69ED4 /* AppDelegate.m in Sources */ = {isa = PBXBuildFile; fileRef = 2C1530A31FB6D77C00E69ED4 /* AppDelegate.m */; };
		2C1530A71FB6D77C00E69ED4 /* ViewController.m in Sources */ = {isa = PBXBuildFile; fileRef = 2C1530A61FB6D77C00E69ED4 /* ViewController.m */; };
		2C1530AA1FB6D77C00E69ED4 /* Main.storyboard in Resources */ = {isa = PBXBuildFile; fileRef = 2C1530A81FB6D77C00E69ED4 /* Main.storyboard */; };
		2C1530AC1FB6D77C00E69ED4 /* Assets.xcassets in Resources */ = {isa = PBXBuildFile; fileRef = 2C1530AB1FB6D77C00E69ED4 /* Assets.xcassets */; };
		2C1530AF1FB6D77C00E69ED4 /* LaunchScreen.storyboard in Resources */ = {isa = PBXBuildFile; fileRef = 2C1530AD1FB6D77C00E69ED4 /* LaunchScreen.storyboard */; };
		2C1530B21FB6D77C00E69ED4 /* main.m in Sources */ = {isa = PBXBuildFile; fileRef = 2C1530B11FB6D77C00E69ED4 /* main.m */; };
		2C1530BC1FB6D77C00E69ED4 /* ToolsTests.m in Sources */ = {isa = PBXBuildFile; fileRef = 2C1530BB1FB6D77C00E69ED4 /* ToolsTests.m */; };
		2C1530C71FB6D77C00E69ED4 /* ToolsUITests.m in Sources */ = {isa = PBXBuildFile; fileRef = 2C1530C61FB6D77C00E69ED4 /* ToolsUITests.m */; };
		2C1530DD1FB6D7E600E69ED4 /* MD5Encrypt.m in Sources */ = {isa = PBXBuildFile; fileRef = 2C1530D61FB6D7E600E69ED4 /* MD5Encrypt.m */; };
		2C1530DE1FB6D7E600E69ED4 /* Tools.m in Sources */ = {isa = PBXBuildFile; fileRef = 2C1530D81FB6D7E600E69ED4 /* Tools.m */; };
		2C1530DF1FB6D7E600E69ED4 /* TypeUsageMethod.m in Sources */ = {isa = PBXBuildFile; fileRef = 2C1530DA1FB6D7E600E69ED4 /* TypeUsageMethod.m */; };
		2CB40F221FDA8938002CBDE6 /* SingleManager.m in Sources */ = {isa = PBXBuildFile; fileRef = 2CB40F211FDA8938002CBDE6 /* SingleManager.m */; };
		2CB40F281FDA8BC4002CBDE6 /* UIView+Category.m in Sources */ = {isa = PBXBuildFile; fileRef = 2CB40F271FDA8BC4002CBDE6 /* UIView+Category.m */; };
		2CDB47761FD6A706008DF24D /* ToolsView.m in Sources */ = {isa = PBXBuildFile; fileRef = 2CDB47751FD6A706008DF24D /* ToolsView.m */; };
		5FC7EB1526704E93906FD31B /* libPods-Tools.a in Frameworks */ = {isa = PBXBuildFile; fileRef = EF08C34758F6EC182E8B1C6D /* libPods-Tools.a */; };
/* End PBXBuildFile section */

/* Begin PBXContainerItemProxy section */
		2C1530B81FB6D77C00E69ED4 /* PBXContainerItemProxy */ = {
			isa = PBXContainerItemProxy;
			containerPortal = 2C1530971FB6D77C00E69ED4 /* Project object */;
			proxyType = 1;
			remoteGlobalIDString = 2C15309E1FB6D77C00E69ED4;
			remoteInfo = Tools;
		};
		2C1530C31FB6D77C00E69ED4 /* PBXContainerItemProxy */ = {
			isa = PBXContainerItemProxy;
			containerPortal = 2C1530971FB6D77C00E69ED4 /* Project object */;
			proxyType = 1;
			remoteGlobalIDString = 2C15309E1FB6D77C00E69ED4;
			remoteInfo = Tools;
		};
/* End PBXContainerItemProxy section */

/* Begin PBXFileReference section */
		2AAAA6D76929AC6C96054267 /* Pods-Tools.debug.xcconfig */ = {isa = PBXFileReference; includeInIndex = 1; lastKnownFileType = text.xcconfig; name = "Pods-Tools.debug.xcconfig"; path = "Pods/Target Support Files/Pods-Tools/Pods-Tools.debug.xcconfig"; sourceTree = "<group>"; };
		2C15309F1FB6D77C00E69ED4 /* Tools.app */ = {isa = PBXFileReference; explicitFileType = wrapper.application; includeInIndex = 0; path = Tools.app; sourceTree = BUILT_PRODUCTS_DIR; };
		2C1530A21FB6D77C00E69ED4 /* AppDelegate.h */ = {isa = PBXFileReference; lastKnownFileType = sourcecode.c.h; path = AppDelegate.h; sourceTree = "<group>"; };
		2C1530A31FB6D77C00E69ED4 /* AppDelegate.m */ = {isa = PBXFileReference; lastKnownFileType = sourcecode.c.objc; path = AppDelegate.m; sourceTree = "<group>"; };
		2C1530A51FB6D77C00E69ED4 /* ViewController.h */ = {isa = PBXFileReference; lastKnownFileType = sourcecode.c.h; path = ViewController.h; sourceTree = "<group>"; };
		2C1530A61FB6D77C00E69ED4 /* ViewController.m */ = {isa = PBXFileReference; lastKnownFileType = sourcecode.c.objc; path = ViewController.m; sourceTree = "<group>"; };
		2C1530A91FB6D77C00E69ED4 /* Base */ = {isa = PBXFileReference; lastKnownFileType = file.storyboard; name = Base; path = Base.lproj/Main.storyboard; sourceTree = "<group>"; };
		2C1530AB1FB6D77C00E69ED4 /* Assets.xcassets */ = {isa = PBXFileReference; lastKnownFileType = folder.assetcatalog; path = Assets.xcassets; sourceTree = "<group>"; };
		2C1530AE1FB6D77C00E69ED4 /* Base */ = {isa = PBXFileReference; lastKnownFileType = file.storyboard; name = Base; path = Base.lproj/LaunchScreen.storyboard; sourceTree = "<group>"; };
		2C1530B01FB6D77C00E69ED4 /* Info.plist */ = {isa = PBXFileReference; lastKnownFileType = text.plist.xml; path = Info.plist; sourceTree = "<group>"; };
		2C1530B11FB6D77C00E69ED4 /* main.m */ = {isa = PBXFileReference; lastKnownFileType = sourcecode.c.objc; path = main.m; sourceTree = "<group>"; };
		2C1530B71FB6D77C00E69ED4 /* ToolsTests.xctest */ = {isa = PBXFileReference; explicitFileType = wrapper.cfbundle; includeInIndex = 0; path = ToolsTests.xctest; sourceTree = BUILT_PRODUCTS_DIR; };
		2C1530BB1FB6D77C00E69ED4 /* ToolsTests.m */ = {isa = PBXFileReference; lastKnownFileType = sourcecode.c.objc; path = ToolsTests.m; sourceTree = "<group>"; };
		2C1530BD1FB6D77C00E69ED4 /* Info.plist */ = {isa = PBXFileReference; lastKnownFileType = text.plist.xml; path = Info.plist; sourceTree = "<group>"; };
		2C1530C21FB6D77C00E69ED4 /* ToolsUITests.xctest */ = {isa = PBXFileReference; explicitFileType = wrapper.cfbundle; includeInIndex = 0; path = ToolsUITests.xctest; sourceTree = BUILT_PRODUCTS_DIR; };
		2C1530C61FB6D77C00E69ED4 /* ToolsUITests.m */ = {isa = PBXFileReference; lastKnownFileType = sourcecode.c.objc; path = ToolsUITests.m; sourceTree = "<group>"; };
		2C1530C81FB6D77C00E69ED4 /* Info.plist */ = {isa = PBXFileReference; lastKnownFileType = text.plist.xml; path = Info.plist; sourceTree = "<group>"; };
		2C1530D51FB6D7E600E69ED4 /* MD5Encrypt.h */ = {isa = PBXFileReference; fileEncoding = 4; lastKnownFileType = sourcecode.c.h; path = MD5Encrypt.h; sourceTree = "<group>"; };
		2C1530D61FB6D7E600E69ED4 /* MD5Encrypt.m */ = {isa = PBXFileReference; fileEncoding = 4; lastKnownFileType = sourcecode.c.objc; path = MD5Encrypt.m; sourceTree = "<group>"; };
		2C1530D71FB6D7E600E69ED4 /* Tools.h */ = {isa = PBXFileReference; fileEncoding = 4; lastKnownFileType = sourcecode.c.h; path = Tools.h; sourceTree = "<group>"; };
		2C1530D81FB6D7E600E69ED4 /* Tools.m */ = {isa = PBXFileReference; fileEncoding = 4; lastKnownFileType = sourcecode.c.objc; path = Tools.m; sourceTree = "<group>"; };
		2C1530D91FB6D7E600E69ED4 /* TypeUsageMethod.h */ = {isa = PBXFileReference; fileEncoding = 4; lastKnownFileType = sourcecode.c.h; path = TypeUsageMethod.h; sourceTree = "<group>"; };
		2C1530DA1FB6D7E600E69ED4 /* TypeUsageMethod.m */ = {isa = PBXFileReference; fileEncoding = 4; lastKnownFileType = sourcecode.c.objc; path = TypeUsageMethod.m; sourceTree = "<group>"; };
		2CB40F201FDA855C002CBDE6 /* UIColor+Color.h */ = {isa = PBXFileReference; lastKnownFileType = sourcecode.c.h; path = "UIColor+Color.h"; sourceTree = "<group>"; };
		2CB40F211FDA8938002CBDE6 /* SingleManager.m */ = {isa = PBXFileReference; lastKnownFileType = sourcecode.c.objc; path = SingleManager.m; sourceTree = "<group>"; };
		2CB40F261FDA8BC3002CBDE6 /* UIView+Category.h */ = {isa = PBXFileReference; lastKnownFileType = sourcecode.c.h; path = "UIView+Category.h"; sourceTree = "<group>"; };
		2CB40F271FDA8BC4002CBDE6 /* UIView+Category.m */ = {isa = PBXFileReference; lastKnownFileType = sourcecode.c.objc; path = "UIView+Category.m"; sourceTree = "<group>"; };
		2CDB47741FD6A706008DF24D /* ToolsView.h */ = {isa = PBXFileReference; lastKnownFileType = sourcecode.c.h; path = ToolsView.h; sourceTree = "<group>"; };
		2CDB47751FD6A706008DF24D /* ToolsView.m */ = {isa = PBXFileReference; lastKnownFileType = sourcecode.c.objc; path = ToolsView.m; sourceTree = "<group>"; };
		EF08C34758F6EC182E8B1C6D /* libPods-Tools.a */ = {isa = PBXFileReference; explicitFileType = archive.ar; includeInIndex = 0; path = "libPods-Tools.a"; sourceTree = BUILT_PRODUCTS_DIR; };
		F27332CCC4EAA93738136C6C /* Pods-Tools.release.xcconfig */ = {isa = PBXFileReference; includeInIndex = 1; lastKnownFileType = text.xcconfig; name = "Pods-Tools.release.xcconfig"; path = "Pods/Target Support Files/Pods-Tools/Pods-Tools.release.xcconfig"; sourceTree = "<group>"; };
/* End PBXFileReference section */

/* Begin PBXFrameworksBuildPhase section */
		2C15309C1FB6D77C00E69ED4 /* Frameworks */ = {
			isa = PBXFrameworksBuildPhase;
			buildActionMask = 2147483647;
			files = (
				5FC7EB1526704E93906FD31B /* libPods-Tools.a in Frameworks */,
			);
			runOnlyForDeploymentPostprocessing = 0;
		};
		2C1530B41FB6D77C00E69ED4 /* Frameworks */ = {
			isa = PBXFrameworksBuildPhase;
			buildActionMask = 2147483647;
			files = (
			);
			runOnlyForDeploymentPostprocessing = 0;
		};
		2C1530BF1FB6D77C00E69ED4 /* Frameworks */ = {
			isa = PBXFrameworksBuildPhase;
			buildActionMask = 2147483647;
			files = (
			);
			runOnlyForDeploymentPostprocessing = 0;
		};
/* End PBXFrameworksBuildPhase section */

/* Begin PBXGroup section */
		2C1530961FB6D77C00E69ED4 = {
			isa = PBXGroup;
			children = (
				2C1530A11FB6D77C00E69ED4 /* Tools */,
				2C1530BA1FB6D77C00E69ED4 /* ToolsTests */,
				2C1530C51FB6D77C00E69ED4 /* ToolsUITests */,
				2C1530A01FB6D77C00E69ED4 /* Products */,
				5A29C2A12424C277FBB93D31 /* Pods */,
				8B2B633272A5100232254B7D /* Frameworks */,
			);
			sourceTree = "<group>";
		};
		2C1530A01FB6D77C00E69ED4 /* Products */ = {
			isa = PBXGroup;
			children = (
				2C15309F1FB6D77C00E69ED4 /* Tools.app */,
				2C1530B71FB6D77C00E69ED4 /* ToolsTests.xctest */,
				2C1530C21FB6D77C00E69ED4 /* ToolsUITests.xctest */,
			);
			name = Products;
			sourceTree = "<group>";
		};
		2C1530A11FB6D77C00E69ED4 /* Tools */ = {
			isa = PBXGroup;
			children = (
				2C1530B01FB6D77C00E69ED4 /* Info.plist */,
				2CB40F1F1FDA84F8002CBDE6 /* Appdelegate */,
				2C1530D41FB6D7E600E69ED4 /* PANTools */,
			);
			path = Tools;
			sourceTree = "<group>";
		};
		2C1530BA1FB6D77C00E69ED4 /* ToolsTests */ = {
			isa = PBXGroup;
			children = (
				2C1530BB1FB6D77C00E69ED4 /* ToolsTests.m */,
				2C1530BD1FB6D77C00E69ED4 /* Info.plist */,
			);
			path = ToolsTests;
			sourceTree = "<group>";
		};
		2C1530C51FB6D77C00E69ED4 /* ToolsUITests */ = {
			isa = PBXGroup;
			children = (
				2C1530C61FB6D77C00E69ED4 /* ToolsUITests.m */,
				2C1530C81FB6D77C00E69ED4 /* Info.plist */,
			);
			path = ToolsUITests;
			sourceTree = "<group>";
		};
		2C1530D41FB6D7E600E69ED4 /* PANTools */ = {
			isa = PBXGroup;
			children = (
				2CB40F1E1FDA84E1002CBDE6 /* ViewTools */,
				2CB40F1C1FDA84A6002CBDE6 /* BaseTools */,
				2C1530D51FB6D7E600E69ED4 /* MD5Encrypt.h */,
				2C1530D61FB6D7E600E69ED4 /* MD5Encrypt.m */,
				2C1530D91FB6D7E600E69ED4 /* TypeUsageMethod.h */,
				2C1530DA1FB6D7E600E69ED4 /* TypeUsageMethod.m */,
			);
			path = PANTools;
			sourceTree = "<group>";
		};
		2CB40F1C1FDA84A6002CBDE6 /* BaseTools */ = {
			isa = PBXGroup;
			children = (
				2C1530D81FB6D7E600E69ED4 /* Tools.m */,
				2C1530D71FB6D7E600E69ED4 /* Tools.h */,
			);
			path = BaseTools;
			sourceTree = "<group>";
		};
		2CB40F1E1FDA84E1002CBDE6 /* ViewTools */ = {
			isa = PBXGroup;
			children = (
				2CDB47741FD6A706008DF24D /* ToolsView.h */,
				2CDB47751FD6A706008DF24D /* ToolsView.m */,
				2CB40F261FDA8BC3002CBDE6 /* UIView+Category.h */,
				2CB40F271FDA8BC4002CBDE6 /* UIView+Category.m */,
				2CB40F211FDA8938002CBDE6 /* SingleManager.m */,
				2CB40F201FDA855C002CBDE6 /* UIColor+Color.h */,
			);
			path = ViewTools;
			sourceTree = "<group>";
		};
		2CB40F1F1FDA84F8002CBDE6 /* Appdelegate */ = {
			isa = PBXGroup;
			children = (
				2C1530B11FB6D77C00E69ED4 /* main.m */,
				2C1530A81FB6D77C00E69ED4 /* Main.storyboard */,
				2C1530A21FB6D77C00E69ED4 /* AppDelegate.h */,
				2C1530AB1FB6D77C00E69ED4 /* Assets.xcassets */,
				2C1530A31FB6D77C00E69ED4 /* AppDelegate.m */,
				2C1530A51FB6D77C00E69ED4 /* ViewController.h */,
				2C1530A61FB6D77C00E69ED4 /* ViewController.m */,
				2C1530AD1FB6D77C00E69ED4 /* LaunchScreen.storyboard */,
			);
			path = Appdelegate;
			sourceTree = "<group>";
		};
		5A29C2A12424C277FBB93D31 /* Pods */ = {
			isa = PBXGroup;
			children = (
				2AAAA6D76929AC6C96054267 /* Pods-Tools.debug.xcconfig */,
				F27332CCC4EAA93738136C6C /* Pods-Tools.release.xcconfig */,
			);
			name = Pods;
			sourceTree = "<group>";
		};
		8B2B633272A5100232254B7D /* Frameworks */ = {
			isa = PBXGroup;
			children = (
				EF08C34758F6EC182E8B1C6D /* libPods-Tools.a */,
			);
			name = Frameworks;
			sourceTree = "<group>";
		};
/* End PBXGroup section */

/* Begin PBXNativeTarget section */
		2C15309E1FB6D77C00E69ED4 /* Tools */ = {
			isa = PBXNativeTarget;
			buildConfigurationList = 2C1530CB1FB6D77C00E69ED4 /* Build configuration list for PBXNativeTarget "Tools" */;
			buildPhases = (
				C59BC90BD81EE3FEA65F2A52 /* [CP] Check Pods Manifest.lock */,
				2C15309B1FB6D77C00E69ED4 /* Sources */,
				2C15309C1FB6D77C00E69ED4 /* Frameworks */,
				2C15309D1FB6D77C00E69ED4 /* Resources */,
				A8F574D02FB63B5AEEAF0A4C /* [CP] Embed Pods Frameworks */,
				5B9D5E1B82E12B65BE995E61 /* [CP] Copy Pods Resources */,
			);
			buildRules = (
			);
			dependencies = (
			);
			name = Tools;
			productName = Tools;
			productReference = 2C15309F1FB6D77C00E69ED4 /* Tools.app */;
			productType = "com.apple.product-type.application";
		};
		2C1530B61FB6D77C00E69ED4 /* ToolsTests */ = {
			isa = PBXNativeTarget;
			buildConfigurationList = 2C1530CE1FB6D77C00E69ED4 /* Build configuration list for PBXNativeTarget "ToolsTests" */;
			buildPhases = (
				2C1530B31FB6D77C00E69ED4 /* Sources */,
				2C1530B41FB6D77C00E69ED4 /* Frameworks */,
				2C1530B51FB6D77C00E69ED4 /* Resources */,
			);
			buildRules = (
			);
			dependencies = (
				2C1530B91FB6D77C00E69ED4 /* PBXTargetDependency */,
			);
			name = ToolsTests;
			productName = ToolsTests;
			productReference = 2C1530B71FB6D77C00E69ED4 /* ToolsTests.xctest */;
			productType = "com.apple.product-type.bundle.unit-test";
		};
		2C1530C11FB6D77C00E69ED4 /* ToolsUITests */ = {
			isa = PBXNativeTarget;
			buildConfigurationList = 2C1530D11FB6D77C00E69ED4 /* Build configuration list for PBXNativeTarget "ToolsUITests" */;
			buildPhases = (
				2C1530BE1FB6D77C00E69ED4 /* Sources */,
				2C1530BF1FB6D77C00E69ED4 /* Frameworks */,
				2C1530C01FB6D77C00E69ED4 /* Resources */,
			);
			buildRules = (
			);
			dependencies = (
				2C1530C41FB6D77C00E69ED4 /* PBXTargetDependency */,
			);
			name = ToolsUITests;
			productName = ToolsUITests;
			productReference = 2C1530C21FB6D77C00E69ED4 /* ToolsUITests.xctest */;
			productType = "com.apple.product-type.bundle.ui-testing";
		};
/* End PBXNativeTarget section */

/* Begin PBXProject section */
		2C1530971FB6D77C00E69ED4 /* Project object */ = {
			isa = PBXProject;
			attributes = {
				LastUpgradeCheck = 0910;
				ORGANIZATIONNAME = "潘振权";
				TargetAttributes = {
					2C15309E1FB6D77C00E69ED4 = {
						CreatedOnToolsVersion = 9.1;
						ProvisioningStyle = Automatic;
					};
					2C1530B61FB6D77C00E69ED4 = {
						CreatedOnToolsVersion = 9.1;
						ProvisioningStyle = Automatic;
						TestTargetID = 2C15309E1FB6D77C00E69ED4;
					};
					2C1530C11FB6D77C00E69ED4 = {
						CreatedOnToolsVersion = 9.1;
						ProvisioningStyle = Automatic;
						TestTargetID = 2C15309E1FB6D77C00E69ED4;
					};
				};
			};
			buildConfigurationList = 2C15309A1FB6D77C00E69ED4 /* Build configuration list for PBXProject "Tools" */;
			compatibilityVersion = "Xcode 8.0";
			developmentRegion = en;
			hasScannedForEncodings = 0;
			knownRegions = (
				en,
				Base,
			);
			mainGroup = 2C1530961FB6D77C00E69ED4;
			productRefGroup = 2C1530A01FB6D77C00E69ED4 /* Products */;
			projectDirPath = "";
			projectRoot = "";
			targets = (
				2C15309E1FB6D77C00E69ED4 /* Tools */,
				2C1530B61FB6D77C00E69ED4 /* ToolsTests */,
				2C1530C11FB6D77C00E69ED4 /* ToolsUITests */,
			);
		};
/* End PBXProject section */

/* Begin PBXResourcesBuildPhase section */
		2C15309D1FB6D77C00E69ED4 /* Resources */ = {
			isa = PBXResourcesBuildPhase;
			buildActionMask = 2147483647;
			files = (
				2C1530AF1FB6D77C00E69ED4 /* LaunchScreen.storyboard in Resources */,
				2C1530AC1FB6D77C00E69ED4 /* Assets.xcassets in Resources */,
				2C1530AA1FB6D77C00E69ED4 /* Main.storyboard in Resources */,
			);
			runOnlyForDeploymentPostprocessing = 0;
		};
		2C1530B51FB6D77C00E69ED4 /* Resources */ = {
			isa = PBXResourcesBuildPhase;
			buildActionMask = 2147483647;
			files = (
			);
			runOnlyForDeploymentPostprocessing = 0;
		};
		2C1530C01FB6D77C00E69ED4 /* Resources */ = {
			isa = PBXResourcesBuildPhase;
			buildActionMask = 2147483647;
			files = (
			);
			runOnlyForDeploymentPostprocessing = 0;
		};
/* End PBXResourcesBuildPhase section */

/* Begin PBXShellScriptBuildPhase section */
		5B9D5E1B82E12B65BE995E61 /* [CP] Copy Pods Resources */ = {
			isa = PBXShellScriptBuildPhase;
			buildActionMask = 2147483647;
			files = (
			);
			inputPaths = (
			);
			name = "[CP] Copy Pods Resources";
			outputPaths = (
			);
			runOnlyForDeploymentPostprocessing = 0;
			shellPath = /bin/sh;
			shellScript = "\"${SRCROOT}/Pods/Target Support Files/Pods-Tools/Pods-Tools-resources.sh\"\n";
			showEnvVarsInLog = 0;
		};
		A8F574D02FB63B5AEEAF0A4C /* [CP] Embed Pods Frameworks */ = {
			isa = PBXShellScriptBuildPhase;
			buildActionMask = 2147483647;
			files = (
			);
			inputPaths = (
			);
			name = "[CP] Embed Pods Frameworks";
			outputPaths = (
			);
			runOnlyForDeploymentPostprocessing = 0;
			shellPath = /bin/sh;
			shellScript = "\"${SRCROOT}/Pods/Target Support Files/Pods-Tools/Pods-Tools-frameworks.sh\"\n";
			showEnvVarsInLog = 0;
		};
		C59BC90BD81EE3FEA65F2A52 /* [CP] Check Pods Manifest.lock */ = {
			isa = PBXShellScriptBuildPhase;
			buildActionMask = 2147483647;
			files = (
			);
			inputPaths = (
				"${PODS_PODFILE_DIR_PATH}/Podfile.lock",
				"${PODS_ROOT}/Manifest.lock",
			);
			name = "[CP] Check Pods Manifest.lock";
			outputPaths = (
				"$(DERIVED_FILE_DIR)/Pods-Tools-checkManifestLockResult.txt",
			);
			runOnlyForDeploymentPostprocessing = 0;
			shellPath = /bin/sh;
			shellScript = "diff \"${PODS_PODFILE_DIR_PATH}/Podfile.lock\" \"${PODS_ROOT}/Manifest.lock\" > /dev/null\nif [ $? != 0 ] ; then\n    # print error to STDERR\n    echo \"error: The sandbox is not in sync with the Podfile.lock. Run 'pod install' or update your CocoaPods installation.\" >&2\n    exit 1\nfi\n# This output is used by Xcode 'outputs' to avoid re-running this script phase.\necho \"SUCCESS\" > \"${SCRIPT_OUTPUT_FILE_0}\"\n";
			showEnvVarsInLog = 0;
		};
/* End PBXShellScriptBuildPhase section */

/* Begin PBXSourcesBuildPhase section */
		2C15309B1FB6D77C00E69ED4 /* Sources */ = {
			isa = PBXSourcesBuildPhase;
			buildActionMask = 2147483647;
			files = (
				2C1530DF1FB6D7E600E69ED4 /* TypeUsageMethod.m in Sources */,
				2CB40F281FDA8BC4002CBDE6 /* UIView+Category.m in Sources */,
				2C1530A71FB6D77C00E69ED4 /* ViewController.m in Sources */,
				2C1530DE1FB6D7E600E69ED4 /* Tools.m in Sources */,
				2C1530B21FB6D77C00E69ED4 /* main.m in Sources */,
				2C1530DD1FB6D7E600E69ED4 /* MD5Encrypt.m in Sources */,
				2C1530A41FB6D77C00E69ED4 /* AppDelegate.m in Sources */,
				2CDB47761FD6A706008DF24D /* ToolsView.m in Sources */,
				2CB40F221FDA8938002CBDE6 /* SingleManager.m in Sources */,
			);
			runOnlyForDeploymentPostprocessing = 0;
		};
		2C1530B31FB6D77C00E69ED4 /* Sources */ = {
			isa = PBXSourcesBuildPhase;
			buildActionMask = 2147483647;
			files = (
				2C1530BC1FB6D77C00E69ED4 /* ToolsTests.m in Sources */,
			);
			runOnlyForDeploymentPostprocessing = 0;
		};
		2C1530BE1FB6D77C00E69ED4 /* Sources */ = {
			isa = PBXSourcesBuildPhase;
			buildActionMask = 2147483647;
			files = (
				2C1530C71FB6D77C00E69ED4 /* ToolsUITests.m in Sources */,
			);
			runOnlyForDeploymentPostprocessing = 0;
		};
/* End PBXSourcesBuildPhase section */

/* Begin PBXTargetDependency section */
		2C1530B91FB6D77C00E69ED4 /* PBXTargetDependency */ = {
			isa = PBXTargetDependency;
			target = 2C15309E1FB6D77C00E69ED4 /* Tools */;
			targetProxy = 2C1530B81FB6D77C00E69ED4 /* PBXContainerItemProxy */;
		};
		2C1530C41FB6D77C00E69ED4 /* PBXTargetDependency */ = {
			isa = PBXTargetDependency;
			target = 2C15309E1FB6D77C00E69ED4 /* Tools */;
			targetProxy = 2C1530C31FB6D77C00E69ED4 /* PBXContainerItemProxy */;
		};
/* End PBXTargetDependency section */

/* Begin PBXVariantGroup section */
		2C1530A81FB6D77C00E69ED4 /* Main.storyboard */ = {
			isa = PBXVariantGroup;
			children = (
				2C1530A91FB6D77C00E69ED4 /* Base */,
			);
			name = Main.storyboard;
			sourceTree = "<group>";
		};
		2C1530AD1FB6D77C00E69ED4 /* LaunchScreen.storyboard */ = {
			isa = PBXVariantGroup;
			children = (
				2C1530AE1FB6D77C00E69ED4 /* Base */,
			);
			name = LaunchScreen.storyboard;
			sourceTree = "<group>";
		};
/* End PBXVariantGroup section */

/* Begin XCBuildConfiguration section */
		2C1530C91FB6D77C00E69ED4 /* Debug */ = {
			isa = XCBuildConfiguration;
			buildSettings = {
				ALWAYS_SEARCH_USER_PATHS = NO;
				CLANG_ANALYZER_NONNULL = YES;
				CLANG_ANALYZER_NUMBER_OBJECT_CONVERSION = YES_AGGRESSIVE;
				CLANG_CXX_LANGUAGE_STANDARD = "gnu++14";
				CLANG_CXX_LIBRARY = "libc++";
				CLANG_ENABLE_MODULES = YES;
				CLANG_ENABLE_OBJC_ARC = YES;
				CLANG_WARN_BLOCK_CAPTURE_AUTORELEASING = YES;
				CLANG_WARN_BOOL_CONVERSION = YES;
				CLANG_WARN_COMMA = YES;
				CLANG_WARN_CONSTANT_CONVERSION = YES;
				CLANG_WARN_DIRECT_OBJC_ISA_USAGE = YES_ERROR;
				CLANG_WARN_DOCUMENTATION_COMMENTS = YES;
				CLANG_WARN_EMPTY_BODY = YES;
				CLANG_WARN_ENUM_CONVERSION = YES;
				CLANG_WARN_INFINITE_RECURSION = YES;
				CLANG_WARN_INT_CONVERSION = YES;
				CLANG_WARN_NON_LITERAL_NULL_CONVERSION = YES;
				CLANG_WARN_OBJC_LITERAL_CONVERSION = YES;
				CLANG_WARN_OBJC_ROOT_CLASS = YES_ERROR;
				CLANG_WARN_RANGE_LOOP_ANALYSIS = YES;
				CLANG_WARN_STRICT_PROTOTYPES = YES;
				CLANG_WARN_SUSPICIOUS_MOVE = YES;
				CLANG_WARN_UNGUARDED_AVAILABILITY = YES_AGGRESSIVE;
				CLANG_WARN_UNREACHABLE_CODE = YES;
				CLANG_WARN__DUPLICATE_METHOD_MATCH = YES;
				CODE_SIGN_IDENTITY = "iPhone Developer";
				COPY_PHASE_STRIP = NO;
				DEBUG_INFORMATION_FORMAT = dwarf;
				ENABLE_STRICT_OBJC_MSGSEND = YES;
				ENABLE_TESTABILITY = YES;
				GCC_C_LANGUAGE_STANDARD = gnu11;
				GCC_DYNAMIC_NO_PIC = NO;
				GCC_NO_COMMON_BLOCKS = YES;
				GCC_OPTIMIZATION_LEVEL = 0;
				GCC_PREPROCESSOR_DEFINITIONS = (
					"DEBUG=1",
					"$(inherited)",
				);
				GCC_WARN_64_TO_32_BIT_CONVERSION = YES;
				GCC_WARN_ABOUT_RETURN_TYPE = YES_ERROR;
				GCC_WARN_UNDECLARED_SELECTOR = YES;
				GCC_WARN_UNINITIALIZED_AUTOS = YES_AGGRESSIVE;
				GCC_WARN_UNUSED_FUNCTION = YES;
				GCC_WARN_UNUSED_VARIABLE = YES;
				IPHONEOS_DEPLOYMENT_TARGET = 11.1;
				MTL_ENABLE_DEBUG_INFO = YES;
				ONLY_ACTIVE_ARCH = YES;
				SDKROOT = iphoneos;
			};
			name = Debug;
		};
		2C1530CA1FB6D77C00E69ED4 /* Release */ = {
			isa = XCBuildConfiguration;
			buildSettings = {
				ALWAYS_SEARCH_USER_PATHS = NO;
				CLANG_ANALYZER_NONNULL = YES;
				CLANG_ANALYZER_NUMBER_OBJECT_CONVERSION = YES_AGGRESSIVE;
				CLANG_CXX_LANGUAGE_STANDARD = "gnu++14";
				CLANG_CXX_LIBRARY = "libc++";
				CLANG_ENABLE_MODULES = YES;
				CLANG_ENABLE_OBJC_ARC = YES;
				CLANG_WARN_BLOCK_CAPTURE_AUTORELEASING = YES;
				CLANG_WARN_BOOL_CONVERSION = YES;
				CLANG_WARN_COMMA = YES;
				CLANG_WARN_CONSTANT_CONVERSION = YES;
				CLANG_WARN_DIRECT_OBJC_ISA_USAGE = YES_ERROR;
				CLANG_WARN_DOCUMENTATION_COMMENTS = YES;
				CLANG_WARN_EMPTY_BODY = YES;
				CLANG_WARN_ENUM_CONVERSION = YES;
				CLANG_WARN_INFINITE_RECURSION = YES;
				CLANG_WARN_INT_CONVERSION = YES;
				CLANG_WARN_NON_LITERAL_NULL_CONVERSION = YES;
				CLANG_WARN_OBJC_LITERAL_CONVERSION = YES;
				CLANG_WARN_OBJC_ROOT_CLASS = YES_ERROR;
				CLANG_WARN_RANGE_LOOP_ANALYSIS = YES;
				CLANG_WARN_STRICT_PROTOTYPES = YES;
				CLANG_WARN_SUSPICIOUS_MOVE = YES;
				CLANG_WARN_UNGUARDED_AVAILABILITY = YES_AGGRESSIVE;
				CLANG_WARN_UNREACHABLE_CODE = YES;
				CLANG_WARN__DUPLICATE_METHOD_MATCH = YES;
				CODE_SIGN_IDENTITY = "iPhone Developer";
				COPY_PHASE_STRIP = NO;
				DEBUG_INFORMATION_FORMAT = "dwarf-with-dsym";
				ENABLE_NS_ASSERTIONS = NO;
				ENABLE_STRICT_OBJC_MSGSEND = YES;
				GCC_C_LANGUAGE_STANDARD = gnu11;
				GCC_NO_COMMON_BLOCKS = YES;
				GCC_WARN_64_TO_32_BIT_CONVERSION = YES;
				GCC_WARN_ABOUT_RETURN_TYPE = YES_ERROR;
				GCC_WARN_UNDECLARED_SELECTOR = YES;
				GCC_WARN_UNINITIALIZED_AUTOS = YES_AGGRESSIVE;
				GCC_WARN_UNUSED_FUNCTION = YES;
				GCC_WARN_UNUSED_VARIABLE = YES;
				IPHONEOS_DEPLOYMENT_TARGET = 11.1;
				MTL_ENABLE_DEBUG_INFO = NO;
				SDKROOT = iphoneos;
				VALIDATE_PRODUCT = YES;
			};
			name = Release;
		};
		2C1530CC1FB6D77C00E69ED4 /* Debug */ = {
			isa = XCBuildConfiguration;
			baseConfigurationReference = 2AAAA6D76929AC6C96054267 /* Pods-Tools.debug.xcconfig */;
			buildSettings = {
				ASSETCATALOG_COMPILER_APPICON_NAME = AppIcon;
				CODE_SIGN_STYLE = Automatic;
				DEVELOPMENT_TEAM = 55JR2CEZ87;
				INFOPLIST_FILE = Tools/Info.plist;
				LD_RUNPATH_SEARCH_PATHS = "$(inherited) @executable_path/Frameworks";
				PRODUCT_BUNDLE_IDENTIFIER = PAN.Tools;
				PRODUCT_NAME = "$(TARGET_NAME)";
				TARGETED_DEVICE_FAMILY = "1,2";
			};
			name = Debug;
		};
		2C1530CD1FB6D77C00E69ED4 /* Release */ = {
			isa = XCBuildConfiguration;
			baseConfigurationReference = F27332CCC4EAA93738136C6C /* Pods-Tools.release.xcconfig */;
			buildSettings = {
				ASSETCATALOG_COMPILER_APPICON_NAME = AppIcon;
				CODE_SIGN_STYLE = Automatic;
				DEVELOPMENT_TEAM = 55JR2CEZ87;
				INFOPLIST_FILE = Tools/Info.plist;
				LD_RUNPATH_SEARCH_PATHS = "$(inherited) @executable_path/Frameworks";
				PRODUCT_BUNDLE_IDENTIFIER = PAN.Tools;
				PRODUCT_NAME = "$(TARGET_NAME)";
				TARGETED_DEVICE_FAMILY = "1,2";
			};
			name = Release;
		};
		2C1530CF1FB6D77C00E69ED4 /* Debug */ = {
			isa = XCBuildConfiguration;
			buildSettings = {
				BUNDLE_LOADER = "$(TEST_HOST)";
				CODE_SIGN_STYLE = Automatic;
				DEVELOPMENT_TEAM = 55JR2CEZ87;
				INFOPLIST_FILE = ToolsTests/Info.plist;
				LD_RUNPATH_SEARCH_PATHS = "$(inherited) @executable_path/Frameworks @loader_path/Frameworks";
				PRODUCT_BUNDLE_IDENTIFIER = PAN.ToolsTests;
				PRODUCT_NAME = "$(TARGET_NAME)";
				TARGETED_DEVICE_FAMILY = "1,2";
				TEST_HOST = "$(BUILT_PRODUCTS_DIR)/Tools.app/Tools";
			};
			name = Debug;
		};
		2C1530D01FB6D77C00E69ED4 /* Release */ = {
			isa = XCBuildConfiguration;
			buildSettings = {
				BUNDLE_LOADER = "$(TEST_HOST)";
				CODE_SIGN_STYLE = Automatic;
				DEVELOPMENT_TEAM = 55JR2CEZ87;
				INFOPLIST_FILE = ToolsTests/Info.plist;
				LD_RUNPATH_SEARCH_PATHS = "$(inherited) @executable_path/Frameworks @loader_path/Frameworks";
				PRODUCT_BUNDLE_IDENTIFIER = PAN.ToolsTests;
				PRODUCT_NAME = "$(TARGET_NAME)";
				TARGETED_DEVICE_FAMILY = "1,2";
				TEST_HOST = "$(BUILT_PRODUCTS_DIR)/Tools.app/Tools";
			};
			name = Release;
		};
		2C1530D21FB6D77C00E69ED4 /* Debug */ = {
			isa = XCBuildConfiguration;
			buildSettings = {
				CODE_SIGN_STYLE = Automatic;
				DEVELOPMENT_TEAM = 55JR2CEZ87;
				INFOPLIST_FILE = ToolsUITests/Info.plist;
				LD_RUNPATH_SEARCH_PATHS = "$(inherited) @executable_path/Frameworks @loader_path/Frameworks";
				PRODUCT_BUNDLE_IDENTIFIER = PAN.ToolsUITests;
				PRODUCT_NAME = "$(TARGET_NAME)";
				TARGETED_DEVICE_FAMILY = "1,2";
				TEST_TARGET_NAME = Tools;
			};
			name = Debug;
		};
		2C1530D31FB6D77C00E69ED4 /* Release */ = {
			isa = XCBuildConfiguration;
			buildSettings = {
				CODE_SIGN_STYLE = Automatic;
				DEVELOPMENT_TEAM = 55JR2CEZ87;
				INFOPLIST_FILE = ToolsUITests/Info.plist;
				LD_RUNPATH_SEARCH_PATHS = "$(inherited) @executable_path/Frameworks @loader_path/Frameworks";
				PRODUCT_BUNDLE_IDENTIFIER = PAN.ToolsUITests;
				PRODUCT_NAME = "$(TARGET_NAME)";
				TARGETED_DEVICE_FAMILY = "1,2";
				TEST_TARGET_NAME = Tools;
			};
			name = Release;
		};
/* End XCBuildConfiguration section */

/* Begin XCConfigurationList section */
		2C15309A1FB6D77C00E69ED4 /* Build configuration list for PBXProject "Tools" */ = {
			isa = XCConfigurationList;
			buildConfigurations = (
				2C1530C91FB6D77C00E69ED4 /* Debug */,
				2C1530CA1FB6D77C00E69ED4 /* Release */,
			);
			defaultConfigurationIsVisible = 0;
			defaultConfigurationName = Release;
		};
		2C1530CB1FB6D77C00E69ED4 /* Build configuration list for PBXNativeTarget "Tools" */ = {
			isa = XCConfigurationList;
			buildConfigurations = (
				2C1530CC1FB6D77C00E69ED4 /* Debug */,
				2C1530CD1FB6D77C00E69ED4 /* Release */,
			);
			defaultConfigurationIsVisible = 0;
			defaultConfigurationName = Release;
		};
		2C1530CE1FB6D77C00E69ED4 /* Build configuration list for PBXNativeTarget "ToolsTests" */ = {
			isa = XCConfigurationList;
			buildConfigurations = (
				2C1530CF1FB6D77C00E69ED4 /* Debug */,
				2C1530D01FB6D77C00E69ED4 /* Release */,
			);
			defaultConfigurationIsVisible = 0;
			defaultConfigurationName = Release;
		};
		2C1530D11FB6D77C00E69ED4 /* Build configuration list for PBXNativeTarget "ToolsUITests" */ = {
			isa = XCConfigurationList;
			buildConfigurations = (
				2C1530D21FB6D77C00E69ED4 /* Debug */,
				2C1530D31FB6D77C00E69ED4 /* Release */,
			);
			defaultConfigurationIsVisible = 0;
			defaultConfigurationName = Release;
		};
/* End XCConfigurationList section */
	};
	rootObject = 2C1530971FB6D77C00E69ED4 /* Project object */;
}
